{
  "name": "seclint",
  "version": "1.0.0",
  "lockfileVersion": 3,
  "requires": true,
  "packages": {
    "": {
      "name": "seclint",
      "version": "1.0.0",
      "license": "GPL-3.0",
      "dependencies": {
        "acorn": "^8.11.3",
        "acorn-walk": "^8.3.2",
        "rich-console": "^0.0.4"
      }
    },
    "node_modules/acorn": {
      "version": "8.11.3",
      "resolved": "https://registry.npmjs.org/acorn/-/acorn-8.11.3.tgz",
      "integrity": "sha512-Y9rRfJG5jcKOE0CLisYbojUjIrIEE7AGMzA/Sm4BslANhbS+cDMpgBdcPT91oJ7OuJ9hYJBx59RjbhxVnrF8Xg==",
      "bin": {
        "acorn": "bin/acorn"
      },
      "engines": {
        "node": ">=0.4.0"
      }
    },
    "node_modules/acorn-walk": {
      "version": "8.3.2",
      "resolved": "https://registry.npmjs.org/acorn-walk/-/acorn-walk-8.3.2.tgz",
      "integrity": "sha512-cjkyv4OtNCIeqhHrfS81QWXoCBPExR/J62oyEqepVw8WaQeSqpW2uhuLPh1m9eWhDuOo/jUXVTlifvesOWp/4A==",
      "engines": {
        "node": ">=0.4.0"
      }
    },
    "node_modules/rich-console": {
      "version": "0.0.4",
      "resolved": "https://registry.npmjs.org/rich-console/-/rich-console-0.0.4.tgz",
      "integrity": "sha512-YOhr0IMD/Q1vbnI41KalkYL8phrlUNLfdc3mlelfVrdStUlLCYXpFn+ww1Ykp8evlKM3W3Upnp09uftLWNtTYg=="
    }
  }
}
